
Microsoft Visual Studio Solution File, Format Version 12.00
# Visual Studio Version 17
VisualStudioVersion = 17.1.32319.34
MinimumVisualStudioVersion = 10.0.40219.1
Project("{2150E333-8FDC-42A3-9474-1A3956D46DE8}") = "Presentation", "Presentation", "{8F1A9FF3-A991-40E8-8E8D-3836DFE879BC}"
EndProject
Project("{2150E333-8FDC-42A3-9474-1A3956D46DE8}") = "Core", "Core", "{E390CC34-BAFD-4E42-80B4-36DC76933F1F}"
EndProject
Project("{2150E333-8FDC-42A3-9474-1A3956D46DE8}") = "Data", "Data", "{7B57EBE7-2437-4BA9-B9EA-CDD9A92F9056}"
EndProject
Project("{2150E333-8FDC-42A3-9474-1A3956D46DE8}") = "Services", "Services", "{46BF1000-7B7A-45D9-B5CF-902E6DC6C984}"
EndProject
Project("{FAE04EC0-301F-11D3-BF4B-00C04F79EFBC}") = "Data", "Data\Data.csproj", "{588A6800-A011-4BA1-AF9E-C489D55127CD}"
EndProject
Project("{FAE04EC0-301F-11D3-BF4B-00C04F79EFBC}") = "Presentation", "Presentation\Presentation.csproj", "{09AD3839-1847-4931-88D6-84976DE32615}"
EndProject
Project("{2150E333-8FDC-42A3-9474-1A3956D46DE8}") = "Domain", "Domain", "{B1351714-0249-4A7B-BA66-719DD2E21664}"
EndProject
Project("{FAE04EC0-301F-11D3-BF4B-00C04F79EFBC}") = "Domain", "Domain\Domain.csproj", "{6B260F9B-CB9B-4EDC-BAB5-8384E2D9F069}"
EndProject
Project("{FAE04EC0-301F-11D3-BF4B-00C04F79EFBC}") = "IoC", "IoC\IoC.csproj", "{7F037604-D389-42DD-89B7-AA8E18597CA9}"
EndProject
Project("{FAE04EC0-301F-11D3-BF4B-00C04F79EFBC}") = "MVVM", "MVVM\MVVM.csproj", "{AF50A128-3E9E-4E83-926A-C296E085B77F}"
EndProject
Project("{FAE04EC0-301F-11D3-BF4B-00C04F79EFBC}") = "Services", "Services\Services.csproj", "{B7BC4E3B-61DD-4ABB-951C-E3017C884252}"
EndProject
Project("{FAE04EC0-301F-11D3-BF4B-00C04F79EFBC}") = "Features", "Features\Features.csproj", "{161B06F0-B157-4114-B3C0-33FA31368CC9}"
EndProject
Project("{FAE04EC0-301F-11D3-BF4B-00C04F79EFBC}") = "Util", "Util\Util.csproj", "{B5F92B5D-4123-4947-B29B-34C589ABB83E}"
EndProject
Project("{FAE04EC0-301F-11D3-BF4B-00C04F79EFBC}") = "Enums", "Enums\Enums.csproj", "{F7BD2536-1DEC-4C0E-8930-3C02A2058C3F}"
EndProject
Global
	GlobalSection(SolutionConfigurationPlatforms) = preSolution
		Debug|Any CPU = Debug|Any CPU
		Release|Any CPU = Release|Any CPU
	EndGlobalSection
	GlobalSection(ProjectConfigurationPlatforms) = postSolution
		{588A6800-A011-4BA1-AF9E-C489D55127CD}.Debug|Any CPU.ActiveCfg = Debug|Any CPU
		{588A6800-A011-4BA1-AF9E-C489D55127CD}.Debug|Any CPU.Build.0 = Debug|Any CPU
		{588A6800-A011-4BA1-AF9E-C489D55127CD}.Release|Any CPU.ActiveCfg = Release|Any CPU
		{588A6800-A011-4BA1-AF9E-C489D55127CD}.Release|Any CPU.Build.0 = Release|Any CPU
		{09AD3839-1847-4931-88D6-84976DE32615}.Debug|Any CPU.ActiveCfg = Debug|Any CPU
		{09AD3839-1847-4931-88D6-84976DE32615}.Debug|Any CPU.Build.0 = Debug|Any CPU
		{09AD3839-1847-4931-88D6-84976DE32615}.Release|Any CPU.ActiveCfg = Release|Any CPU
		{09AD3839-1847-4931-88D6-84976DE32615}.Release|Any CPU.Build.0 = Release|Any CPU
		{6B260F9B-CB9B-4EDC-BAB5-8384E2D9F069}.Debug|Any CPU.ActiveCfg = Debug|Any CPU
		{6B260F9B-CB9B-4EDC-BAB5-8384E2D9F069}.Debug|Any CPU.Build.0 = Debug|Any CPU
		{6B260F9B-CB9B-4EDC-BAB5-8384E2D9F069}.Release|Any CPU.ActiveCfg = Release|Any CPU
		{6B260F9B-CB9B-4EDC-BAB5-8384E2D9F069}.Release|Any CPU.Build.0 = Release|Any CPU
		{7F037604-D389-42DD-89B7-AA8E18597CA9}.Debug|Any CPU.ActiveCfg = Debug|Any CPU
		{7F037604-D389-42DD-89B7-AA8E18597CA9}.Debug|Any CPU.Build.0 = Debug|Any CPU
		{7F037604-D389-42DD-89B7-AA8E18597CA9}.Release|Any CPU.ActiveCfg = Release|Any CPU
		{7F037604-D389-42DD-89B7-AA8E18597CA9}.Release|Any CPU.Build.0 = Release|Any CPU
		{AF50A128-3E9E-4E83-926A-C296E085B77F}.Debug|Any CPU.ActiveCfg = Debug|Any CPU
		{AF50A128-3E9E-4E83-926A-C296E085B77F}.Debug|Any CPU.Build.0 = Debug|Any CPU
		{AF50A128-3E9E-4E83-926A-C296E085B77F}.Release|Any CPU.ActiveCfg = Release|Any CPU
		{AF50A128-3E9E-4E83-926A-C296E085B77F}.Release|Any CPU.Build.0 = Release|Any CPU
		{B7BC4E3B-61DD-4ABB-951C-E3017C884252}.Debug|Any CPU.ActiveCfg = Debug|Any CPU
		{B7BC4E3B-61DD-4ABB-951C-E3017C884252}.Debug|Any CPU.Build.0 = Debug|Any CPU
		{B7BC4E3B-61DD-4ABB-951C-E3017C884252}.Release|Any CPU.ActiveCfg = Release|Any CPU
		{B7BC4E3B-61DD-4ABB-951C-E3017C884252}.Release|Any CPU.Build.0 = Release|Any CPU
		{161B06F0-B157-4114-B3C0-33FA31368CC9}.Debug|Any CPU.ActiveCfg = Debug|Any CPU
		{161B06F0-B157-4114-B3C0-33FA31368CC9}.Debug|Any CPU.Build.0 = Debug|Any CPU
		{161B06F0-B157-4114-B3C0-33FA31368CC9}.Release|Any CPU.ActiveCfg = Release|Any CPU
		{161B06F0-B157-4114-B3C0-33FA31368CC9}.Release|Any CPU.Build.0 = Release|Any CPU
		{B5F92B5D-4123-4947-B29B-34C589ABB83E}.Debug|Any CPU.ActiveCfg = Debug|Any CPU
		{B5F92B5D-4123-4947-B29B-34C589ABB83E}.Debug|Any CPU.Build.0 = Debug|Any CPU
		{B5F92B5D-4123-4947-B29B-34C589ABB83E}.Release|Any CPU.ActiveCfg = Release|Any CPU
		{B5F92B5D-4123-4947-B29B-34C589ABB83E}.Release|Any CPU.Build.0 = Release|Any CPU
		{F7BD2536-1DEC-4C0E-8930-3C02A2058C3F}.Debug|Any CPU.ActiveCfg = Debug|Any CPU
		{F7BD2536-1DEC-4C0E-8930-3C02A2058C3F}.Debug|Any CPU.Build.0 = Debug|Any CPU
		{F7BD2536-1DEC-4C0E-8930-3C02A2058C3F}.Release|Any CPU.ActiveCfg = Release|Any CPU
		{F7BD2536-1DEC-4C0E-8930-3C02A2058C3F}.Release|Any CPU.Build.0 = Release|Any CPU
	EndGlobalSection
	GlobalSection(SolutionProperties) = preSolution
		HideSolutionNode = FALSE
	EndGlobalSection
	GlobalSection(NestedProjects) = preSolution
		{588A6800-A011-4BA1-AF9E-C489D55127CD} = {7B57EBE7-2437-4BA9-B9EA-CDD9A92F9056}
		{09AD3839-1847-4931-88D6-84976DE32615} = {8F1A9FF3-A991-40E8-8E8D-3836DFE879BC}
		{6B260F9B-CB9B-4EDC-BAB5-8384E2D9F069} = {B1351714-0249-4A7B-BA66-719DD2E21664}
		{7F037604-D389-42DD-89B7-AA8E18597CA9} = {E390CC34-BAFD-4E42-80B4-36DC76933F1F}
		{AF50A128-3E9E-4E83-926A-C296E085B77F} = {E390CC34-BAFD-4E42-80B4-36DC76933F1F}
		{B7BC4E3B-61DD-4ABB-951C-E3017C884252} = {46BF1000-7B7A-45D9-B5CF-902E6DC6C984}
		{161B06F0-B157-4114-B3C0-33FA31368CC9} = {46BF1000-7B7A-45D9-B5CF-902E6DC6C984}
		{B5F92B5D-4123-4947-B29B-34C589ABB83E} = {E390CC34-BAFD-4E42-80B4-36DC76933F1F}
		{F7BD2536-1DEC-4C0E-8930-3C02A2058C3F} = {E390CC34-BAFD-4E42-80B4-36DC76933F1F}
	EndGlobalSection
	GlobalSection(ExtensibilityGlobals) = postSolution
		SolutionGuid = {DB1556EA-209A-4847-A1BE-4C8590BE6508}
	EndGlobalSection
EndGlobal
